// !$*UTF8*$!
{
	archiveVersion = 1;
	classes = {
	};
	objectVersion = 50;
	objects = {

/* Begin PBXBuildFile section */
		4752D59D51765CE2B083F8B0 /* libPods-SpeedyKit.a in Frameworks */ = {isa = PBXBuildFile; fileRef = 77881D0A93664FB146970B08 /* libPods-SpeedyKit.a */; };
		A0457D0F21B4D79200640C8D /* NSMutableAttributedString+Extension.m in Sources */ = {isa = PBXBuildFile; fileRef = A0457D0E21B4D79200640C8D /* NSMutableAttributedString+Extension.m */; };
		A0457D1321B4EA0B00640C8D /* UIColor+Extension.m in Sources */ = {isa = PBXBuildFile; fileRef = A0457D1221B4EA0B00640C8D /* UIColor+Extension.m */; };
		A0457D6821B5789E00640C8D /* NSCalendar+Extension.m in Sources */ = {isa = PBXBuildFile; fileRef = A0457D6721B5789E00640C8D /* NSCalendar+Extension.m */; };
		A071E45121AD9FE900A58E3C /* AppDelegate.m in Sources */ = {isa = PBXBuildFile; fileRef = A071E45021AD9FE900A58E3C /* AppDelegate.m */; };
		A071E45421AD9FE900A58E3C /* ViewController.m in Sources */ = {isa = PBXBuildFile; fileRef = A071E45321AD9FE900A58E3C /* ViewController.m */; };
		A071E45721AD9FE900A58E3C /* Main.storyboard in Resources */ = {isa = PBXBuildFile; fileRef = A071E45521AD9FE900A58E3C /* Main.storyboard */; };
		A071E45921AD9FEA00A58E3C /* Assets.xcassets in Resources */ = {isa = PBXBuildFile; fileRef = A071E45821AD9FEA00A58E3C /* Assets.xcassets */; };
		A071E45C21AD9FEA00A58E3C /* LaunchScreen.storyboard in Resources */ = {isa = PBXBuildFile; fileRef = A071E45A21AD9FEA00A58E3C /* LaunchScreen.storyboard */; };
		A071E45F21AD9FEA00A58E3C /* main.m in Sources */ = {isa = PBXBuildFile; fileRef = A071E45E21AD9FEA00A58E3C /* main.m */; };
		A071E47A21AE66FC00A58E3C /* NSString+Decimal.m in Sources */ = {isa = PBXBuildFile; fileRef = A071E47921AE66FC00A58E3C /* NSString+Decimal.m */; };
		A071E47D21AE675700A58E3C /* NSString+Extension.m in Sources */ = {isa = PBXBuildFile; fileRef = A071E47C21AE675700A58E3C /* NSString+Extension.m */; };
		A071E48021AE679F00A58E3C /* NSDecimalNumber+Extension.m in Sources */ = {isa = PBXBuildFile; fileRef = A071E47F21AE679F00A58E3C /* NSDecimalNumber+Extension.m */; };
		A071E48321AE699A00A58E3C /* NSDate+Extension.m in Sources */ = {isa = PBXBuildFile; fileRef = A071E48221AE699A00A58E3C /* NSDate+Extension.m */; };
		A071E48D21AE817B00A58E3C /* UILabel+Extension.m in Sources */ = {isa = PBXBuildFile; fileRef = A071E48C21AE817B00A58E3C /* UILabel+Extension.m */; };
		A0B182B122676F47001746A1 /* NSString+Hash.m in Sources */ = {isa = PBXBuildFile; fileRef = A0B182B022676F47001746A1 /* NSString+Hash.m */; };
		A0B182B422677031001746A1 /* NSString+DES.m in Sources */ = {isa = PBXBuildFile; fileRef = A0B182B322677031001746A1 /* NSString+DES.m */; };
		A0B182B722677144001746A1 /* NSString+UINib.m in Sources */ = {isa = PBXBuildFile; fileRef = A0B182B622677144001746A1 /* NSString+UINib.m */; };
		A0B182BB226778AC001746A1 /* UIImage+Extension.m in Sources */ = {isa = PBXBuildFile; fileRef = A0B182BA226778AC001746A1 /* UIImage+Extension.m */; };
		D412AD79226409C700EAA1F3 /* UIDatePicker+BirthDay.m in Sources */ = {isa = PBXBuildFile; fileRef = D412AD78226409C700EAA1F3 /* UIDatePicker+BirthDay.m */; };
/* End PBXBuildFile section */

/* Begin PBXFileReference section */
		028181F42A5914BE1ECD9F7F /* Pods-SpeedyKit.debug.xcconfig */ = {isa = PBXFileReference; includeInIndex = 1; lastKnownFileType = text.xcconfig; name = "Pods-SpeedyKit.debug.xcconfig"; path = "Pods/Target Support Files/Pods-SpeedyKit/Pods-SpeedyKit.debug.xcconfig"; sourceTree = "<group>"; };
		433496CB72331C2A06A07A31 /* Pods-SpeedyKit.release.xcconfig */ = {isa = PBXFileReference; includeInIndex = 1; lastKnownFileType = text.xcconfig; name = "Pods-SpeedyKit.release.xcconfig"; path = "Pods/Target Support Files/Pods-SpeedyKit/Pods-SpeedyKit.release.xcconfig"; sourceTree = "<group>"; };
		77881D0A93664FB146970B08 /* libPods-SpeedyKit.a */ = {isa = PBXFileReference; explicitFileType = archive.ar; includeInIndex = 0; path = "libPods-SpeedyKit.a"; sourceTree = BUILT_PRODUCTS_DIR; };
		A0457D0D21B4D79200640C8D /* NSMutableAttributedString+Extension.h */ = {isa = PBXFileReference; lastKnownFileType = sourcecode.c.h; path = "NSMutableAttributedString+Extension.h"; sourceTree = "<group>"; };
		A0457D0E21B4D79200640C8D /* NSMutableAttributedString+Extension.m */ = {isa = PBXFileReference; lastKnownFileType = sourcecode.c.objc; path = "NSMutableAttributedString+Extension.m"; sourceTree = "<group>"; };
		A0457D1121B4EA0B00640C8D /* UIColor+Extension.h */ = {isa = PBXFileReference; lastKnownFileType = sourcecode.c.h; path = "UIColor+Extension.h"; sourceTree = "<group>"; };
		A0457D1221B4EA0B00640C8D /* UIColor+Extension.m */ = {isa = PBXFileReference; lastKnownFileType = sourcecode.c.objc; path = "UIColor+Extension.m"; sourceTree = "<group>"; };
		A0457D6621B5789E00640C8D /* NSCalendar+Extension.h */ = {isa = PBXFileReference; lastKnownFileType = sourcecode.c.h; path = "NSCalendar+Extension.h"; sourceTree = "<group>"; };
		A0457D6721B5789E00640C8D /* NSCalendar+Extension.m */ = {isa = PBXFileReference; lastKnownFileType = sourcecode.c.objc; path = "NSCalendar+Extension.m"; sourceTree = "<group>"; };
		A071E44C21AD9FE900A58E3C /* SpeedyKit.app */ = {isa = PBXFileReference; explicitFileType = wrapper.application; includeInIndex = 0; path = SpeedyKit.app; sourceTree = BUILT_PRODUCTS_DIR; };
		A071E44F21AD9FE900A58E3C /* AppDelegate.h */ = {isa = PBXFileReference; lastKnownFileType = sourcecode.c.h; path = AppDelegate.h; sourceTree = "<group>"; };
		A071E45021AD9FE900A58E3C /* AppDelegate.m */ = {isa = PBXFileReference; lastKnownFileType = sourcecode.c.objc; path = AppDelegate.m; sourceTree = "<group>"; };
		A071E45221AD9FE900A58E3C /* ViewController.h */ = {isa = PBXFileReference; lastKnownFileType = sourcecode.c.h; path = ViewController.h; sourceTree = "<group>"; };
		A071E45321AD9FE900A58E3C /* ViewController.m */ = {isa = PBXFileReference; lastKnownFileType = sourcecode.c.objc; path = ViewController.m; sourceTree = "<group>"; };
		A071E45621AD9FE900A58E3C /* Base */ = {isa = PBXFileReference; lastKnownFileType = file.storyboard; name = Base; path = Base.lproj/Main.storyboard; sourceTree = "<group>"; };
		A071E45821AD9FEA00A58E3C /* Assets.xcassets */ = {isa = PBXFileReference; lastKnownFileType = folder.assetcatalog; path = Assets.xcassets; sourceTree = "<group>"; };
		A071E45B21AD9FEA00A58E3C /* Base */ = {isa = PBXFileReference; lastKnownFileType = file.storyboard; name = Base; path = Base.lproj/LaunchScreen.storyboard; sourceTree = "<group>"; };
		A071E45D21AD9FEA00A58E3C /* Info.plist */ = {isa = PBXFileReference; lastKnownFileType = text.plist.xml; path = Info.plist; sourceTree = "<group>"; };
		A071E45E21AD9FEA00A58E3C /* main.m */ = {isa = PBXFileReference; lastKnownFileType = sourcecode.c.objc; path = main.m; sourceTree = "<group>"; };
		A071E47821AE66FC00A58E3C /* NSString+Decimal.h */ = {isa = PBXFileReference; lastKnownFileType = sourcecode.c.h; path = "NSString+Decimal.h"; sourceTree = "<group>"; };
		A071E47921AE66FC00A58E3C /* NSString+Decimal.m */ = {isa = PBXFileReference; lastKnownFileType = sourcecode.c.objc; path = "NSString+Decimal.m"; sourceTree = "<group>"; };
		A071E47B21AE675700A58E3C /* NSString+Extension.h */ = {isa = PBXFileReference; lastKnownFileType = sourcecode.c.h; path = "NSString+Extension.h"; sourceTree = "<group>"; };
		A071E47C21AE675700A58E3C /* NSString+Extension.m */ = {isa = PBXFileReference; lastKnownFileType = sourcecode.c.objc; path = "NSString+Extension.m"; sourceTree = "<group>"; };
		A071E47E21AE679F00A58E3C /* NSDecimalNumber+Extension.h */ = {isa = PBXFileReference; lastKnownFileType = sourcecode.c.h; path = "NSDecimalNumber+Extension.h"; sourceTree = "<group>"; };
		A071E47F21AE679F00A58E3C /* NSDecimalNumber+Extension.m */ = {isa = PBXFileReference; lastKnownFileType = sourcecode.c.objc; path = "NSDecimalNumber+Extension.m"; sourceTree = "<group>"; };
		A071E48121AE699A00A58E3C /* NSDate+Extension.h */ = {isa = PBXFileReference; lastKnownFileType = sourcecode.c.h; path = "NSDate+Extension.h"; sourceTree = "<group>"; };
		A071E48221AE699A00A58E3C /* NSDate+Extension.m */ = {isa = PBXFileReference; lastKnownFileType = sourcecode.c.objc; path = "NSDate+Extension.m"; sourceTree = "<group>"; };
		A071E48B21AE817B00A58E3C /* UILabel+Extension.h */ = {isa = PBXFileReference; fileEncoding = 4; lastKnownFileType = sourcecode.c.h; path = "UILabel+Extension.h"; sourceTree = "<group>"; };
		A071E48C21AE817B00A58E3C /* UILabel+Extension.m */ = {isa = PBXFileReference; fileEncoding = 4; lastKnownFileType = sourcecode.c.objc; path = "UILabel+Extension.m"; sourceTree = "<group>"; };
		A0B182AF22676F47001746A1 /* NSString+Hash.h */ = {isa = PBXFileReference; lastKnownFileType = sourcecode.c.h; path = "NSString+Hash.h"; sourceTree = "<group>"; };
		A0B182B022676F47001746A1 /* NSString+Hash.m */ = {isa = PBXFileReference; lastKnownFileType = sourcecode.c.objc; path = "NSString+Hash.m"; sourceTree = "<group>"; };
		A0B182B222677031001746A1 /* NSString+DES.h */ = {isa = PBXFileReference; lastKnownFileType = sourcecode.c.h; path = "NSString+DES.h"; sourceTree = "<group>"; };
		A0B182B322677031001746A1 /* NSString+DES.m */ = {isa = PBXFileReference; lastKnownFileType = sourcecode.c.objc; path = "NSString+DES.m"; sourceTree = "<group>"; };
		A0B182B522677144001746A1 /* NSString+UINib.h */ = {isa = PBXFileReference; lastKnownFileType = sourcecode.c.h; path = "NSString+UINib.h"; sourceTree = "<group>"; };
		A0B182B622677144001746A1 /* NSString+UINib.m */ = {isa = PBXFileReference; lastKnownFileType = sourcecode.c.objc; path = "NSString+UINib.m"; sourceTree = "<group>"; };
		A0B182B9226778AC001746A1 /* UIImage+Extension.h */ = {isa = PBXFileReference; lastKnownFileType = sourcecode.c.h; path = "UIImage+Extension.h"; sourceTree = "<group>"; };
		A0B182BA226778AC001746A1 /* UIImage+Extension.m */ = {isa = PBXFileReference; lastKnownFileType = sourcecode.c.objc; path = "UIImage+Extension.m"; sourceTree = "<group>"; };
		D412AD77226409C700EAA1F3 /* UIDatePicker+BirthDay.h */ = {isa = PBXFileReference; lastKnownFileType = sourcecode.c.h; path = "UIDatePicker+BirthDay.h"; sourceTree = "<group>"; };
		D412AD78226409C700EAA1F3 /* UIDatePicker+BirthDay.m */ = {isa = PBXFileReference; lastKnownFileType = sourcecode.c.objc; path = "UIDatePicker+BirthDay.m"; sourceTree = "<group>"; };
/* End PBXFileReference section */

/* Begin PBXFrameworksBuildPhase section */
		A071E44921AD9FE900A58E3C /* Frameworks */ = {
			isa = PBXFrameworksBuildPhase;
			buildActionMask = 2147483647;
			files = (
				4752D59D51765CE2B083F8B0 /* libPods-SpeedyKit.a in Frameworks */,
			);
			runOnlyForDeploymentPostprocessing = 0;
		};
/* End PBXFrameworksBuildPhase section */

/* Begin PBXGroup section */
		7DD7FEFCDEA3382C38DEEE16 /* Frameworks */ = {
			isa = PBXGroup;
			children = (
				77881D0A93664FB146970B08 /* libPods-SpeedyKit.a */,
			);
			name = Frameworks;
			sourceTree = "<group>";
		};
		A0457D0C21B4D76800640C8D /* New Group */ = {
			isa = PBXGroup;
			children = (
				A0457D0D21B4D79200640C8D /* NSMutableAttributedString+Extension.h */,
				A0457D0E21B4D79200640C8D /* NSMutableAttributedString+Extension.m */,
			);
			path = "New Group";
			sourceTree = "<group>";
		};
		A0457D1021B4E9F300640C8D /* UIColor */ = {
			isa = PBXGroup;
			children = (
				A0457D1121B4EA0B00640C8D /* UIColor+Extension.h */,
				A0457D1221B4EA0B00640C8D /* UIColor+Extension.m */,
			);
			path = UIColor;
			sourceTree = "<group>";
		};
		A071E44321AD9FE900A58E3C = {
			isa = PBXGroup;
			children = (
				A071E44E21AD9FE900A58E3C /* SpeedyKit */,
				A071E44D21AD9FE900A58E3C /* Products */,
				E25BFA4DBF74A9E6B7A9C941 /* Pods */,
				7DD7FEFCDEA3382C38DEEE16 /* Frameworks */,
			);
			sourceTree = "<group>";
		};
		A071E44D21AD9FE900A58E3C /* Products */ = {
			isa = PBXGroup;
			children = (
				A071E44C21AD9FE900A58E3C /* SpeedyKit.app */,
			);
			name = Products;
			sourceTree = "<group>";
		};
		A071E44E21AD9FE900A58E3C /* SpeedyKit */ = {
			isa = PBXGroup;
			children = (
				A071E46921ADA00C00A58E3C /* Foundation */,
				A071E46521ADA00400A58E3C /* UIKit */,
				A071E44F21AD9FE900A58E3C /* AppDelegate.h */,
				A071E45021AD9FE900A58E3C /* AppDelegate.m */,
				A071E45221AD9FE900A58E3C /* ViewController.h */,
				A071E45321AD9FE900A58E3C /* ViewController.m */,
				A071E45521AD9FE900A58E3C /* Main.storyboard */,
				A071E45821AD9FEA00A58E3C /* Assets.xcassets */,
				A071E45A21AD9FEA00A58E3C /* LaunchScreen.storyboard */,
				A071E45D21AD9FEA00A58E3C /* Info.plist */,
				A071E45E21AD9FEA00A58E3C /* main.m */,
			);
			path = SpeedyKit;
			sourceTree = "<group>";
		};
		A071E46521ADA00400A58E3C /* UIKit */ = {
			isa = PBXGroup;
			children = (
				A0B182B82267785F001746A1 /* UIImage */,
				D412AD762264097400EAA1F3 /* UIPickerView */,
				A0457D1021B4E9F300640C8D /* UIColor */,
				A071E47721ADA01C00A58E3C /* UILabel */,
			);
			path = UIKit;
			sourceTree = "<group>";
		};
		A071E46921ADA00C00A58E3C /* Foundation */ = {
			isa = PBXGroup;
			children = (
				A0457D0C21B4D76800640C8D /* New Group */,
				A071E46A21ADA00C00A58E3C /* NSCalendar */,
				A071E46B21ADA00C00A58E3C /* NSString */,
				A071E46E21ADA00C00A58E3C /* NSDecimalNumber */,
				A071E47121ADA00C00A58E3C /* NSDate */,
			);
			path = Foundation;
			sourceTree = "<group>";
		};
		A071E46A21ADA00C00A58E3C /* NSCalendar */ = {
			isa = PBXGroup;
			children = (
				A0457D6621B5789E00640C8D /* NSCalendar+Extension.h */,
				A0457D6721B5789E00640C8D /* NSCalendar+Extension.m */,
			);
			path = NSCalendar;
			sourceTree = "<group>";
		};
		A071E46B21ADA00C00A58E3C /* NSString */ = {
			isa = PBXGroup;
			children = (
				A071E47B21AE675700A58E3C /* NSString+Extension.h */,
				A071E47C21AE675700A58E3C /* NSString+Extension.m */,
				A071E47821AE66FC00A58E3C /* NSString+Decimal.h */,
				A071E47921AE66FC00A58E3C /* NSString+Decimal.m */,
				A0B182AF22676F47001746A1 /* NSString+Hash.h */,
				A0B182B022676F47001746A1 /* NSString+Hash.m */,
				A0B182B222677031001746A1 /* NSString+DES.h */,
				A0B182B322677031001746A1 /* NSString+DES.m */,
				A0B182B522677144001746A1 /* NSString+UINib.h */,
				A0B182B622677144001746A1 /* NSString+UINib.m */,
			);
			path = NSString;
			sourceTree = "<group>";
		};
		A071E46E21ADA00C00A58E3C /* NSDecimalNumber */ = {
			isa = PBXGroup;
			children = (
				A071E47E21AE679F00A58E3C /* NSDecimalNumber+Extension.h */,
				A071E47F21AE679F00A58E3C /* NSDecimalNumber+Extension.m */,
			);
			path = NSDecimalNumber;
			sourceTree = "<group>";
		};
		A071E47121ADA00C00A58E3C /* NSDate */ = {
			isa = PBXGroup;
			children = (
				A071E48121AE699A00A58E3C /* NSDate+Extension.h */,
				A071E48221AE699A00A58E3C /* NSDate+Extension.m */,
			);
			path = NSDate;
			sourceTree = "<group>";
		};
		A071E47721ADA01C00A58E3C /* UILabel */ = {
			isa = PBXGroup;
			children = (
				A071E48B21AE817B00A58E3C /* UILabel+Extension.h */,
				A071E48C21AE817B00A58E3C /* UILabel+Extension.m */,
			);
			path = UILabel;
			sourceTree = "<group>";
		};
		A0B182B82267785F001746A1 /* UIImage */ = {
			isa = PBXGroup;
			children = (
				A0B182B9226778AC001746A1 /* UIImage+Extension.h */,
				A0B182BA226778AC001746A1 /* UIImage+Extension.m */,
			);
			path = UIImage;
			sourceTree = "<group>";
		};
		D412AD762264097400EAA1F3 /* UIPickerView */ = {
			isa = PBXGroup;
			children = (
				D412AD77226409C700EAA1F3 /* UIDatePicker+BirthDay.h */,
				D412AD78226409C700EAA1F3 /* UIDatePicker+BirthDay.m */,
			);
			path = UIPickerView;
			sourceTree = "<group>";
		};
		E25BFA4DBF74A9E6B7A9C941 /* Pods */ = {
			isa = PBXGroup;
			children = (
				028181F42A5914BE1ECD9F7F /* Pods-SpeedyKit.debug.xcconfig */,
				433496CB72331C2A06A07A31 /* Pods-SpeedyKit.release.xcconfig */,
			);
			name = Pods;
			sourceTree = "<group>";
		};
/* End PBXGroup section */

/* Begin PBXNativeTarget section */
		A071E44B21AD9FE900A58E3C /* SpeedyKit */ = {
			isa = PBXNativeTarget;
			buildConfigurationList = A071E46221AD9FEA00A58E3C /* Build configuration list for PBXNativeTarget "SpeedyKit" */;
			buildPhases = (
				5097605C431407D2176D87B0 /* [CP] Check Pods Manifest.lock */,
				A071E44821AD9FE900A58E3C /* Sources */,
				A071E44921AD9FE900A58E3C /* Frameworks */,
				A071E44A21AD9FE900A58E3C /* Resources */,
			);
			buildRules = (
			);
			dependencies = (
			);
			name = SpeedyKit;
			productName = SpeedyKit;
			productReference = A071E44C21AD9FE900A58E3C /* SpeedyKit.app */;
			productType = "com.apple.product-type.application";
		};
/* End PBXNativeTarget section */

/* Begin PBXProject section */
		A071E44421AD9FE900A58E3C /* Project object */ = {
			isa = PBXProject;
			attributes = {
				LastUpgradeCheck = 1010;
				ORGANIZATIONNAME = YanYi;
				TargetAttributes = {
					A071E44B21AD9FE900A58E3C = {
						CreatedOnToolsVersion = 10.1;
					};
				};
			};
			buildConfigurationList = A071E44721AD9FE900A58E3C /* Build configuration list for PBXProject "SpeedyKit" */;
			compatibilityVersion = "Xcode 9.3";
			developmentRegion = en;
			hasScannedForEncodings = 0;
			knownRegions = (
				en,
				Base,
			);
			mainGroup = A071E44321AD9FE900A58E3C;
			productRefGroup = A071E44D21AD9FE900A58E3C /* Products */;
			projectDirPath = "";
			projectRoot = "";
			targets = (
				A071E44B21AD9FE900A58E3C /* SpeedyKit */,
			);
		};
/* End PBXProject section */

/* Begin PBXResourcesBuildPhase section */
		A071E44A21AD9FE900A58E3C /* Resources */ = {
			isa = PBXResourcesBuildPhase;
			buildActionMask = 2147483647;
			files = (
				A071E45C21AD9FEA00A58E3C /* LaunchScreen.storyboard in Resources */,
				A071E45921AD9FEA00A58E3C /* Assets.xcassets in Resources */,
				A071E45721AD9FE900A58E3C /* Main.storyboard in Resources */,
			);
			runOnlyForDeploymentPostprocessing = 0;
		};
/* End PBXResourcesBuildPhase section */

/* Begin PBXShellScriptBuildPhase section */
		5097605C431407D2176D87B0 /* [CP] Check Pods Manifest.lock */ = {
			isa = PBXShellScriptBuildPhase;
			buildActionMask = 2147483647;
			files = (
			);
			inputPaths = (
				"${PODS_PODFILE_DIR_PATH}/Podfile.lock",
				"${PODS_ROOT}/Manifest.lock",
			);
			name = "[CP] Check Pods Manifest.lock";
			outputPaths = (
				"$(DERIVED_FILE_DIR)/Pods-SpeedyKit-checkManifestLockResult.txt",
			);
			runOnlyForDeploymentPostprocessing = 0;
			shellPath = /bin/sh;
			shellScript = "diff \"${PODS_PODFILE_DIR_PATH}/Podfile.lock\" \"${PODS_ROOT}/Manifest.lock\" > /dev/null\nif [ $? != 0 ] ; then\n    # print error to STDERR\n    echo \"error: The sandbox is not in sync with the Podfile.lock. Run 'pod install' or update your CocoaPods installation.\" >&2\n    exit 1\nfi\n# This output is used by Xcode 'outputs' to avoid re-running this script phase.\necho \"SUCCESS\" > \"${SCRIPT_OUTPUT_FILE_0}\"\n";
			showEnvVarsInLog = 0;
		};
/* End PBXShellScriptBuildPhase section */

/* Begin PBXSourcesBuildPhase section */
		A071E44821AD9FE900A58E3C /* Sources */ = {
			isa = PBXSourcesBuildPhase;
			buildActionMask = 2147483647;
			files = (
				A0B182B422677031001746A1 /* NSString+DES.m in Sources */,
				A071E48D21AE817B00A58E3C /* UILabel+Extension.m in Sources */,
				A0457D0F21B4D79200640C8D /* NSMutableAttributedString+Extension.m in Sources */,
				A0B182B722677144001746A1 /* NSString+UINib.m in Sources */,
				A071E48021AE679F00A58E3C /* NSDecimalNumber+Extension.m in Sources */,
				A071E45421AD9FE900A58E3C /* ViewController.m in Sources */,
				A071E45F21AD9FEA00A58E3C /* main.m in Sources */,
				A0B182BB226778AC001746A1 /* UIImage+Extension.m in Sources */,
				A071E45121AD9FE900A58E3C /* AppDelegate.m in Sources */,
				A071E47D21AE675700A58E3C /* NSString+Extension.m in Sources */,
				A0B182B122676F47001746A1 /* NSString+Hash.m in Sources */,
				A0457D1321B4EA0B00640C8D /* UIColor+Extension.m in Sources */,
				A0457D6821B5789E00640C8D /* NSCalendar+Extension.m in Sources */,
				A071E47A21AE66FC00A58E3C /* NSString+Decimal.m in Sources */,
				D412AD79226409C700EAA1F3 /* UIDatePicker+BirthDay.m in Sources */,
				A071E48321AE699A00A58E3C /* NSDate+Extension.m in Sources */,
			);
			runOnlyForDeploymentPostprocessing = 0;
		};
/* End PBXSourcesBuildPhase section */

/* Begin PBXVariantGroup section */
		A071E45521AD9FE900A58E3C /* Main.storyboard */ = {
			isa = PBXVariantGroup;
			children = (
				A071E45621AD9FE900A58E3C /* Base */,
			);
			name = Main.storyboard;
			sourceTree = "<group>";
		};
		A071E45A21AD9FEA00A58E3C /* LaunchScreen.storyboard */ = {
			isa = PBXVariantGroup;
			children = (
				A071E45B21AD9FEA00A58E3C /* Base */,
			);
			name = LaunchScreen.storyboard;
			sourceTree = "<group>";
		};
/* End PBXVariantGroup section */

/* Begin XCBuildConfiguration section */
		A071E46021AD9FEA00A58E3C /* Debug */ = {
			isa = XCBuildConfiguration;
			buildSettings = {
				ALWAYS_SEARCH_USER_PATHS = NO;
				CLANG_ANALYZER_NONNULL = YES;
				CLANG_ANALYZER_NUMBER_OBJECT_CONVERSION = YES_AGGRESSIVE;
				CLANG_CXX_LANGUAGE_STANDARD = "gnu++14";
				CLANG_CXX_LIBRARY = "libc++";
				CLANG_ENABLE_MODULES = YES;
				CLANG_ENABLE_OBJC_ARC = YES;
				CLANG_ENABLE_OBJC_WEAK = YES;
				CLANG_WARN_BLOCK_CAPTURE_AUTORELEASING = YES;
				CLANG_WARN_BOOL_CONVERSION = YES;
				CLANG_WARN_COMMA = YES;
				CLANG_WARN_CONSTANT_CONVERSION = YES;
				CLANG_WARN_DEPRECATED_OBJC_IMPLEMENTATIONS = YES;
				CLANG_WARN_DIRECT_OBJC_ISA_USAGE = YES_ERROR;
				CLANG_WARN_DOCUMENTATION_COMMENTS = YES;
				CLANG_WARN_EMPTY_BODY = YES;
				CLANG_WARN_ENUM_CONVERSION = YES;
				CLANG_WARN_INFINITE_RECURSION = YES;
				CLANG_WARN_INT_CONVERSION = YES;
				CLANG_WARN_NON_LITERAL_NULL_CONVERSION = YES;
				CLANG_WARN_OBJC_IMPLICIT_RETAIN_SELF = YES;
				CLANG_WARN_OBJC_LITERAL_CONVERSION = YES;
				CLANG_WARN_OBJC_ROOT_CLASS = YES_ERROR;
				CLANG_WARN_RANGE_LOOP_ANALYSIS = YES;
				CLANG_WARN_STRICT_PROTOTYPES = YES;
				CLANG_WARN_SUSPICIOUS_MOVE = YES;
				CLANG_WARN_UNGUARDED_AVAILABILITY = YES_AGGRESSIVE;
				CLANG_WARN_UNREACHABLE_CODE = YES;
				CLANG_WARN__DUPLICATE_METHOD_MATCH = YES;
				CODE_SIGN_IDENTITY = "iPhone Developer";
				COPY_PHASE_STRIP = NO;
				DEBUG_INFORMATION_FORMAT = dwarf;
				ENABLE_STRICT_OBJC_MSGSEND = YES;
				ENABLE_TESTABILITY = YES;
				GCC_C_LANGUAGE_STANDARD = gnu11;
				GCC_DYNAMIC_NO_PIC = NO;
				GCC_NO_COMMON_BLOCKS = YES;
				GCC_OPTIMIZATION_LEVEL = 0;
				GCC_PREPROCESSOR_DEFINITIONS = (
					"DEBUG=1",
					"$(inherited)",
				);
				GCC_WARN_64_TO_32_BIT_CONVERSION = YES;
				GCC_WARN_ABOUT_RETURN_TYPE = YES_ERROR;
				GCC_WARN_UNDECLARED_SELECTOR = YES;
				GCC_WARN_UNINITIALIZED_AUTOS = YES_AGGRESSIVE;
				GCC_WARN_UNUSED_FUNCTION = YES;
				GCC_WARN_UNUSED_VARIABLE = YES;
				IPHONEOS_DEPLOYMENT_TARGET = 12.1;
				MTL_ENABLE_DEBUG_INFO = INCLUDE_SOURCE;
				MTL_FAST_MATH = YES;
				ONLY_ACTIVE_ARCH = YES;
				SDKROOT = iphoneos;
			};
			name = Debug;
		};
		A071E46121AD9FEA00A58E3C /* Release */ = {
			isa = XCBuildConfiguration;
			buildSettings = {
				ALWAYS_SEARCH_USER_PATHS = NO;
				CLANG_ANALYZER_NONNULL = YES;
				CLANG_ANALYZER_NUMBER_OBJECT_CONVERSION = YES_AGGRESSIVE;
				CLANG_CXX_LANGUAGE_STANDARD = "gnu++14";
				CLANG_CXX_LIBRARY = "libc++";
				CLANG_ENABLE_MODULES = YES;
				CLANG_ENABLE_OBJC_ARC = YES;
				CLANG_ENABLE_OBJC_WEAK = YES;
				CLANG_WARN_BLOCK_CAPTURE_AUTORELEASING = YES;
				CLANG_WARN_BOOL_CONVERSION = YES;
				CLANG_WARN_COMMA = YES;
				CLANG_WARN_CONSTANT_CONVERSION = YES;
				CLANG_WARN_DEPRECATED_OBJC_IMPLEMENTATIONS = YES;
				CLANG_WARN_DIRECT_OBJC_ISA_USAGE = YES_ERROR;
				CLANG_WARN_DOCUMENTATION_COMMENTS = YES;
				CLANG_WARN_EMPTY_BODY = YES;
				CLANG_WARN_ENUM_CONVERSION = YES;
				CLANG_WARN_INFINITE_RECURSION = YES;
				CLANG_WARN_INT_CONVERSION = YES;
				CLANG_WARN_NON_LITERAL_NULL_CONVERSION = YES;
				CLANG_WARN_OBJC_IMPLICIT_RETAIN_SELF = YES;
				CLANG_WARN_OBJC_LITERAL_CONVERSION = YES;
				CLANG_WARN_OBJC_ROOT_CLASS = YES_ERROR;
				CLANG_WARN_RANGE_LOOP_ANALYSIS = YES;
				CLANG_WARN_STRICT_PROTOTYPES = YES;
				CLANG_WARN_SUSPICIOUS_MOVE = YES;
				CLANG_WARN_UNGUARDED_AVAILABILITY = YES_AGGRESSIVE;
				CLANG_WARN_UNREACHABLE_CODE = YES;
				CLANG_WARN__DUPLICATE_METHOD_MATCH = YES;
				CODE_SIGN_IDENTITY = "iPhone Developer";
				COPY_PHASE_STRIP = NO;
				DEBUG_INFORMATION_FORMAT = "dwarf-with-dsym";
				ENABLE_NS_ASSERTIONS = NO;
				ENABLE_STRICT_OBJC_MSGSEND = YES;
				GCC_C_LANGUAGE_STANDARD = gnu11;
				GCC_NO_COMMON_BLOCKS = YES;
				GCC_WARN_64_TO_32_BIT_CONVERSION = YES;
				GCC_WARN_ABOUT_RETURN_TYPE = YES_ERROR;
				GCC_WARN_UNDECLARED_SELECTOR = YES;
				GCC_WARN_UNINITIALIZED_AUTOS = YES_AGGRESSIVE;
				GCC_WARN_UNUSED_FUNCTION = YES;
				GCC_WARN_UNUSED_VARIABLE = YES;
				IPHONEOS_DEPLOYMENT_TARGET = 12.1;
				MTL_ENABLE_DEBUG_INFO = NO;
				MTL_FAST_MATH = YES;
				SDKROOT = iphoneos;
				VALIDATE_PRODUCT = YES;
			};
			name = Release;
		};
		A071E46321AD9FEA00A58E3C /* Debug */ = {
			isa = XCBuildConfiguration;
			baseConfigurationReference = 028181F42A5914BE1ECD9F7F /* Pods-SpeedyKit.debug.xcconfig */;
			buildSettings = {
				ASSETCATALOG_COMPILER_APPICON_NAME = AppIcon;
				CODE_SIGN_STYLE = Automatic;
				DEVELOPMENT_TEAM = NB834M3BNU;
				INFOPLIST_FILE = SpeedyKit/Info.plist;
				LD_RUNPATH_SEARCH_PATHS = (
					"$(inherited)",
					"@executable_path/Frameworks",
				);
				PRODUCT_BUNDLE_IDENTIFIER = com.YanYi.SpeedyKit;
				PRODUCT_NAME = "$(TARGET_NAME)";
				TARGETED_DEVICE_FAMILY = 1;
			};
			name = Debug;
		};
		A071E46421AD9FEA00A58E3C /* Release */ = {
			isa = XCBuildConfiguration;
			baseConfigurationReference = 433496CB72331C2A06A07A31 /* Pods-SpeedyKit.release.xcconfig */;
			buildSettings = {
				ASSETCATALOG_COMPILER_APPICON_NAME = AppIcon;
				CODE_SIGN_STYLE = Automatic;
				DEVELOPMENT_TEAM = NB834M3BNU;
				INFOPLIST_FILE = SpeedyKit/Info.plist;
				LD_RUNPATH_SEARCH_PATHS = (
					"$(inherited)",
					"@executable_path/Frameworks",
				);
				PRODUCT_BUNDLE_IDENTIFIER = com.YanYi.SpeedyKit;
				PRODUCT_NAME = "$(TARGET_NAME)";
				TARGETED_DEVICE_FAMILY = 1;
			};
			name = Release;
		};
/* End XCBuildConfiguration section */

/* Begin XCConfigurationList section */
		A071E44721AD9FE900A58E3C /* Build configuration list for PBXProject "SpeedyKit" */ = {
			isa = XCConfigurationList;
			buildConfigurations = (
				A071E46021AD9FEA00A58E3C /* Debug */,
				A071E46121AD9FEA00A58E3C /* Release */,
			);
			defaultConfigurationIsVisible = 0;
			defaultConfigurationName = Release;
		};
		A071E46221AD9FEA00A58E3C /* Build configuration list for PBXNativeTarget "SpeedyKit" */ = {
			isa = XCConfigurationList;
			buildConfigurations = (
				A071E46321AD9FEA00A58E3C /* Debug */,
				A071E46421AD9FEA00A58E3C /* Release */,
			);
			defaultConfigurationIsVisible = 0;
			defaultConfigurationName = Release;
		};
/* End XCConfigurationList section */
	};
	rootObject = A071E44421AD9FE900A58E3C /* Project object */;
}
